// !$*UTF8*$!
{
	archiveVersion = 1;
	classes = {
	};
	objectVersion = 46;
	objects = {

/* Begin PBXBuildFile section */
		404D90691F5AB03F00514C8E /* AppDelegate.swift in Sources */ = {isa = PBXBuildFile; fileRef = 404D90681F5AB03F00514C8E /* AppDelegate.swift */; };
		404D906B1F5AB03F00514C8E /* ViewController.swift in Sources */ = {isa = PBXBuildFile; fileRef = 404D906A1F5AB03F00514C8E /* ViewController.swift */; };
		404D906E1F5AB03F00514C8E /* Main.storyboard in Resources */ = {isa = PBXBuildFile; fileRef = 404D906C1F5AB03F00514C8E /* Main.storyboard */; };
		404D90701F5AB03F00514C8E /* Assets.xcassets in Resources */ = {isa = PBXBuildFile; fileRef = 404D906F1F5AB03F00514C8E /* Assets.xcassets */; };
		404D90731F5AB03F00514C8E /* LaunchScreen.storyboard in Resources */ = {isa = PBXBuildFile; fileRef = 404D90711F5AB03F00514C8E /* LaunchScreen.storyboard */; };
		404D907E1F5AB03F00514C8E /* FirstKadaiAppTests.swift in Sources */ = {isa = PBXBuildFile; fileRef = 404D907D1F5AB03F00514C8E /* FirstKadaiAppTests.swift */; };
		404D90891F5AB03F00514C8E /* FirstKadaiAppUITests.swift in Sources */ = {isa = PBXBuildFile; fileRef = 404D90881F5AB03F00514C8E /* FirstKadaiAppUITests.swift */; };
/* End PBXBuildFile section */

/* Begin PBXContainerItemProxy section */
		404D907A1F5AB03F00514C8E /* PBXContainerItemProxy */ = {
			isa = PBXContainerItemProxy;
			containerPortal = 404D905D1F5AB03E00514C8E /* Project object */;
			proxyType = 1;
			remoteGlobalIDString = 404D90641F5AB03F00514C8E;
			remoteInfo = FirstKadaiApp;
		};
		404D90851F5AB03F00514C8E /* PBXContainerItemProxy */ = {
			isa = PBXContainerItemProxy;
			containerPortal = 404D905D1F5AB03E00514C8E /* Project object */;
			proxyType = 1;
			remoteGlobalIDString = 404D90641F5AB03F00514C8E;
			remoteInfo = FirstKadaiApp;
		};
/* End PBXContainerItemProxy section */

/* Begin PBXFileReference section */
		404D90651F5AB03F00514C8E /* FirstKadaiApp.app */ = {isa = PBXFileReference; explicitFileType = wrapper.application; includeInIndex = 0; path = FirstKadaiApp.app; sourceTree = BUILT_PRODUCTS_DIR; };
		404D90681F5AB03F00514C8E /* AppDelegate.swift */ = {isa = PBXFileReference; lastKnownFileType = sourcecode.swift; path = AppDelegate.swift; sourceTree = "<group>"; };
		404D906A1F5AB03F00514C8E /* ViewController.swift */ = {isa = PBXFileReference; lastKnownFileType = sourcecode.swift; path = ViewController.swift; sourceTree = "<group>"; };
		404D906D1F5AB03F00514C8E /* Base */ = {isa = PBXFileReference; lastKnownFileType = file.storyboard; name = Base; path = Base.lproj/Main.storyboard; sourceTree = "<group>"; };
		404D906F1F5AB03F00514C8E /* Assets.xcassets */ = {isa = PBXFileReference; lastKnownFileType = folder.assetcatalog; path = Assets.xcassets; sourceTree = "<group>"; };
		404D90721F5AB03F00514C8E /* Base */ = {isa = PBXFileReference; lastKnownFileType = file.storyboard; name = Base; path = Base.lproj/LaunchScreen.storyboard; sourceTree = "<group>"; };
		404D90741F5AB03F00514C8E /* Info.plist */ = {isa = PBXFileReference; lastKnownFileType = text.plist.xml; path = Info.plist; sourceTree = "<group>"; };
		404D90791F5AB03F00514C8E /* FirstKadaiAppTests.xctest */ = {isa = PBXFileReference; explicitFileType = wrapper.cfbundle; includeInIndex = 0; path = FirstKadaiAppTests.xctest; sourceTree = BUILT_PRODUCTS_DIR; };
		404D907D1F5AB03F00514C8E /* FirstKadaiAppTests.swift */ = {isa = PBXFileReference; lastKnownFileType = sourcecode.swift; path = FirstKadaiAppTests.swift; sourceTree = "<group>"; };
		404D907F1F5AB03F00514C8E /* Info.plist */ = {isa = PBXFileReference; lastKnownFileType = text.plist.xml; path = Info.plist; sourceTree = "<group>"; };
		404D90841F5AB03F00514C8E /* FirstKadaiAppUITests.xctest */ = {isa = PBXFileReference; explicitFileType = wrapper.cfbundle; includeInIndex = 0; path = FirstKadaiAppUITests.xctest; sourceTree = BUILT_PRODUCTS_DIR; };
		404D90881F5AB03F00514C8E /* FirstKadaiAppUITests.swift */ = {isa = PBXFileReference; lastKnownFileType = sourcecode.swift; path = FirstKadaiAppUITests.swift; sourceTree = "<group>"; };
		404D908A1F5AB03F00514C8E /* Info.plist */ = {isa = PBXFileReference; lastKnownFileType = text.plist.xml; path = Info.plist; sourceTree = "<group>"; };
/* End PBXFileReference section */

/* Begin PBXFrameworksBuildPhase section */
		404D90621F5AB03F00514C8E /* Frameworks */ = {
			isa = PBXFrameworksBuildPhase;
			buildActionMask = 2147483647;
			files = (
			);
			runOnlyForDeploymentPostprocessing = 0;
		};
		404D90761F5AB03F00514C8E /* Frameworks */ = {
			isa = PBXFrameworksBuildPhase;
			buildActionMask = 2147483647;
			files = (
			);
			runOnlyForDeploymentPostprocessing = 0;
		};
		404D90811F5AB03F00514C8E /* Frameworks */ = {
			isa = PBXFrameworksBuildPhase;
			buildActionMask = 2147483647;
			files = (
			);
			runOnlyForDeploymentPostprocessing = 0;
		};
/* End PBXFrameworksBuildPhase section */

/* Begin PBXGroup section */
		404D905C1F5AB03E00514C8E = {
			isa = PBXGroup;
			children = (
				404D90671F5AB03F00514C8E /* FirstKadaiApp */,
				404D907C1F5AB03F00514C8E /* FirstKadaiAppTests */,
				404D90871F5AB03F00514C8E /* FirstKadaiAppUITests */,
				404D90661F5AB03F00514C8E /* Products */,
			);
			sourceTree = "<group>";
		};
		404D90661F5AB03F00514C8E /* Products */ = {
			isa = PBXGroup;
			children = (
				404D90651F5AB03F00514C8E /* FirstKadaiApp.app */,
				404D90791F5AB03F00514C8E /* FirstKadaiAppTests.xctest */,
				404D90841F5AB03F00514C8E /* FirstKadaiAppUITests.xctest */,
			);
			name = Products;
			sourceTree = "<group>";
		};
		404D90671F5AB03F00514C8E /* FirstKadaiApp */ = {
			isa = PBXGroup;
			children = (
				404D90681F5AB03F00514C8E /* AppDelegate.swift */,
				404D906A1F5AB03F00514C8E /* ViewController.swift */,
				404D906C1F5AB03F00514C8E /* Main.storyboard */,
				404D906F1F5AB03F00514C8E /* Assets.xcassets */,
				404D90711F5AB03F00514C8E /* LaunchScreen.storyboard */,
				404D90741F5AB03F00514C8E /* Info.plist */,
			);
			path = FirstKadaiApp;
			sourceTree = "<group>";
		};
		404D907C1F5AB03F00514C8E /* FirstKadaiAppTests */ = {
			isa = PBXGroup;
			children = (
				404D907D1F5AB03F00514C8E /* FirstKadaiAppTests.swift */,
				404D907F1F5AB03F00514C8E /* Info.plist */,
			);
			path = FirstKadaiAppTests;
			sourceTree = "<group>";
		};
		404D90871F5AB03F00514C8E /* FirstKadaiAppUITests */ = {
			isa = PBXGroup;
			children = (
				404D90881F5AB03F00514C8E /* FirstKadaiAppUITests.swift */,
				404D908A1F5AB03F00514C8E /* Info.plist */,
			);
			path = FirstKadaiAppUITests;
			sourceTree = "<group>";
		};
/* End PBXGroup section */

/* Begin PBXNativeTarget section */
		404D90641F5AB03F00514C8E /* FirstKadaiApp */ = {
			isa = PBXNativeTarget;
			buildConfigurationList = 404D908D1F5AB03F00514C8E /* Build configuration list for PBXNativeTarget "FirstKadaiApp" */;
			buildPhases = (
				404D90611F5AB03F00514C8E /* Sources */,
				404D90621F5AB03F00514C8E /* Frameworks */,
				404D90631F5AB03F00514C8E /* Resources */,
			);
			buildRules = (
			);
			dependencies = (
			);
			name = FirstKadaiApp;
			productName = FirstKadaiApp;
			productReference = 404D90651F5AB03F00514C8E /* FirstKadaiApp.app */;
			productType = "com.apple.product-type.application";
		};
		404D90781F5AB03F00514C8E /* FirstKadaiAppTests */ = {
			isa = PBXNativeTarget;
			buildConfigurationList = 404D90901F5AB03F00514C8E /* Build configuration list for PBXNativeTarget "FirstKadaiAppTests" */;
			buildPhases = (
				404D90751F5AB03F00514C8E /* Sources */,
				404D90761F5AB03F00514C8E /* Frameworks */,
				404D90771F5AB03F00514C8E /* Resources */,
			);
			buildRules = (
			);
			dependencies = (
				404D907B1F5AB03F00514C8E /* PBXTargetDependency */,
			);
			name = FirstKadaiAppTests;
			productName = FirstKadaiAppTests;
			productReference = 404D90791F5AB03F00514C8E /* FirstKadaiAppTests.xctest */;
			productType = "com.apple.product-type.bundle.unit-test";
		};
		404D90831F5AB03F00514C8E /* FirstKadaiAppUITests */ = {
			isa = PBXNativeTarget;
			buildConfigurationList = 404D90931F5AB03F00514C8E /* Build configuration list for PBXNativeTarget "FirstKadaiAppUITests" */;
			buildPhases = (
				404D90801F5AB03F00514C8E /* Sources */,
				404D90811F5AB03F00514C8E /* Frameworks */,
				404D90821F5AB03F00514C8E /* Resources */,
			);
			buildRules = (
			);
			dependencies = (
				404D90861F5AB03F00514C8E /* PBXTargetDependency */,
			);
			name = FirstKadaiAppUITests;
			productName = FirstKadaiAppUITests;
			productReference = 404D90841F5AB03F00514C8E /* FirstKadaiAppUITests.xctest */;
			productType = "com.apple.product-type.bundle.ui-testing";
		};
/* End PBXNativeTarget section */

/* Begin PBXProject section */
		404D905D1F5AB03E00514C8E /* Project object */ = {
			isa = PBXProject;
			attributes = {
				LastSwiftUpdateCheck = 0830;
				LastUpgradeCheck = 0830;
				ORGANIZATIONNAME = shouta.ikegami;
				TargetAttributes = {
					404D90641F5AB03F00514C8E = {
						CreatedOnToolsVersion = 8.3.3;
						ProvisioningStyle = Automatic;
					};
					404D90781F5AB03F00514C8E = {
						CreatedOnToolsVersion = 8.3.3;
						ProvisioningStyle = Automatic;
						TestTargetID = 404D90641F5AB03F00514C8E;
					};
					404D90831F5AB03F00514C8E = {
						CreatedOnToolsVersion = 8.3.3;
						ProvisioningStyle = Automatic;
						TestTargetID = 404D90641F5AB03F00514C8E;
					};
				};
			};
			buildConfigurationList = 404D90601F5AB03E00514C8E /* Build configuration list for PBXProject "FirstKadaiApp" */;
			compatibilityVersion = "Xcode 3.2";
			developmentRegion = English;
			hasScannedForEncodings = 0;
			knownRegions = (
				en,
				Base,
			);
			mainGroup = 404D905C1F5AB03E00514C8E;
			productRefGroup = 404D90661F5AB03F00514C8E /* Products */;
			projectDirPath = "";
			projectRoot = "";
			targets = (
				404D90641F5AB03F00514C8E /* FirstKadaiApp */,
				404D90781F5AB03F00514C8E /* FirstKadaiAppTests */,
				404D90831F5AB03F00514C8E /* FirstKadaiAppUITests */,
			);
		};
/* End PBXProject section */

/* Begin PBXResourcesBuildPhase section */
		404D90631F5AB03F00514C8E /* Resources */ = {
			isa = PBXResourcesBuildPhase;
			buildActionMask = 2147483647;
			files = (
				404D90731F5AB03F00514C8E /* LaunchScreen.storyboard in Resources */,
				404D90701F5AB03F00514C8E /* Assets.xcassets in Resources */,
				404D906E1F5AB03F00514C8E /* Main.storyboard in Resources */,
			);
			runOnlyForDeploymentPostprocessing = 0;
		};
		404D90771F5AB03F00514C8E /* Resources */ = {
			isa = PBXResourcesBuildPhase;
			buildActionMask = 2147483647;
			files = (
			);
			runOnlyForDeploymentPostprocessing = 0;
		};
		404D90821F5AB03F00514C8E /* Resources */ = {
			isa = PBXResourcesBuildPhase;
			buildActionMask = 2147483647;
			files = (
			);
			runOnlyForDeploymentPostprocessing = 0;
		};
/* End PBXResourcesBuildPhase section */

/* Begin PBXSourcesBuildPhase section */
		404D90611F5AB03F00514C8E /* Sources */ = {
			isa = PBXSourcesBuildPhase;
			buildActionMask = 2147483647;
			files = (
				404D906B1F5AB03F00514C8E /* ViewController.swift in Sources */,
				404D90691F5AB03F00514C8E /* AppDelegate.swift in Sources */,
			);
			runOnlyForDeploymentPostprocessing = 0;
		};
		404D90751F5AB03F00514C8E /* Sources */ = {
			isa = PBXSourcesBuildPhase;
			buildActionMask = 2147483647;
			files = (
				404D907E1F5AB03F00514C8E /* FirstKadaiAppTests.swift in Sources */,
			);
			runOnlyForDeploymentPostprocessing = 0;
		};
		404D90801F5AB03F00514C8E /* Sources */ = {
			isa = PBXSourcesBuildPhase;
			buildActionMask = 2147483647;
			files = (
				404D90891F5AB03F00514C8E /* FirstKadaiAppUITests.swift in Sources */,
			);
			runOnlyForDeploymentPostprocessing = 0;
		};
/* End PBXSourcesBuildPhase section */

/* Begin PBXTargetDependency section */
		404D907B1F5AB03F00514C8E /* PBXTargetDependency */ = {
			isa = PBXTargetDependency;
			target = 404D90641F5AB03F00514C8E /* FirstKadaiApp */;
			targetProxy = 404D907A1F5AB03F00514C8E /* PBXContainerItemProxy */;
		};
		404D90861F5AB03F00514C8E /* PBXTargetDependency */ = {
			isa = PBXTargetDependency;
			target = 404D90641F5AB03F00514C8E /* FirstKadaiApp */;
			targetProxy = 404D90851F5AB03F00514C8E /* PBXContainerItemProxy */;
		};
/* End PBXTargetDependency section */

/* Begin PBXVariantGroup section */
		404D906C1F5AB03F00514C8E /* Main.storyboard */ = {
			isa = PBXVariantGroup;
			children = (
				404D906D1F5AB03F00514C8E /* Base */,
			);
			name = Main.storyboard;
			sourceTree = "<group>";
		};
		404D90711F5AB03F00514C8E /* LaunchScreen.storyboard */ = {
			isa = PBXVariantGroup;
			children = (
				404D90721F5AB03F00514C8E /* Base */,
			);
			name = LaunchScreen.storyboard;
			sourceTree = "<group>";
		};
/* End PBXVariantGroup section */

/* Begin XCBuildConfiguration section */
		404D908B1F5AB03F00514C8E /* Debug */ = {
			isa = XCBuildConfiguration;
			buildSettings = {
				ALWAYS_SEARCH_USER_PATHS = NO;
				CLANG_ANALYZER_NONNULL = YES;
				CLANG_ANALYZER_NUMBER_OBJECT_CONVERSION = YES_AGGRESSIVE;
				CLANG_CXX_LANGUAGE_STANDARD = "gnu++0x";
				CLANG_CXX_LIBRARY = "libc++";
				CLANG_ENABLE_MODULES = YES;
				CLANG_ENABLE_OBJC_ARC = YES;
				CLANG_WARN_BOOL_CONVERSION = YES;
				CLANG_WARN_CONSTANT_CONVERSION = YES;
				CLANG_WARN_DIRECT_OBJC_ISA_USAGE = YES_ERROR;
				CLANG_WARN_DOCUMENTATION_COMMENTS = YES;
				CLANG_WARN_EMPTY_BODY = YES;
				CLANG_WARN_ENUM_CONVERSION = YES;
				CLANG_WARN_INFINITE_RECURSION = YES;
				CLANG_WARN_INT_CONVERSION = YES;
				CLANG_WARN_OBJC_ROOT_CLASS = YES_ERROR;
				CLANG_WARN_SUSPICIOUS_MOVE = YES;
				CLANG_WARN_UNREACHABLE_CODE = YES;
				CLANG_WARN__DUPLICATE_METHOD_MATCH = YES;
				"CODE_SIGN_IDENTITY[sdk=iphoneos*]" = "iPhone Developer";
				COPY_PHASE_STRIP = NO;
				DEBUG_INFORMATION_FORMAT = dwarf;
				ENABLE_STRICT_OBJC_MSGSEND = YES;
				ENABLE_TESTABILITY = YES;
				GCC_C_LANGUAGE_STANDARD = gnu99;
				GCC_DYNAMIC_NO_PIC = NO;
				GCC_NO_COMMON_BLOCKS = YES;
				GCC_OPTIMIZATION_LEVEL = 0;
				GCC_PREPROCESSOR_DEFINITIONS = (
					"DEBUG=1",
					"$(inherited)",
				);
				GCC_WARN_64_TO_32_BIT_CONVERSION = YES;
				GCC_WARN_ABOUT_RETURN_TYPE = YES_ERROR;
				GCC_WARN_UNDECLARED_SELECTOR = YES;
				GCC_WARN_UNINITIALIZED_AUTOS = YES_AGGRESSIVE;
				GCC_WARN_UNUSED_FUNCTION = YES;
				GCC_WARN_UNUSED_VARIABLE = YES;
				IPHONEOS_DEPLOYMENT_TARGET = 10.3;
				MTL_ENABLE_DEBUG_INFO = YES;
				ONLY_ACTIVE_ARCH = YES;
				SDKROOT = iphoneos;
				SWIFT_ACTIVE_COMPILATION_CONDITIONS = DEBUG;
				SWIFT_OPTIMIZATION_LEVEL = "-Onone";
				TARGETED_DEVICE_FAMILY = "1,2";
			};
			name = Debug;
		};
		404D908C1F5AB03F00514C8E /* Release */ = {
			isa = XCBuildConfiguration;
			buildSettings = {
				ALWAYS_SEARCH_USER_PATHS = NO;
				CLANG_ANALYZER_NONNULL = YES;
				CLANG_ANALYZER_NUMBER_OBJECT_CONVERSION = YES_AGGRESSIVE;
				CLANG_CXX_LANGUAGE_STANDARD = "gnu++0x";
				CLANG_CXX_LIBRARY = "libc++";
				CLANG_ENABLE_MODULES = YES;
				CLANG_ENABLE_OBJC_ARC = YES;
				CLANG_WARN_BOOL_CONVERSION = YES;
				CLANG_WARN_CONSTANT_CONVERSION = YES;
				CLANG_WARN_DIRECT_OBJC_ISA_USAGE = YES_ERROR;
				CLANG_WARN_DOCUMENTATION_COMMENTS = YES;
				CLANG_WARN_EMPTY_BODY = YES;
				CLANG_WARN_ENUM_CONVERSION = YES;
				CLANG_WARN_INFINITE_RECURSION = YES;
				CLANG_WARN_INT_CONVERSION = YES;
				CLANG_WARN_OBJC_ROOT_CLASS = YES_ERROR;
				CLANG_WARN_SUSPICIOUS_MOVE = YES;
				CLANG_WARN_UNREACHABLE_CODE = YES;
				CLANG_WARN__DUPLICATE_METHOD_MATCH = YES;
				"CODE_SIGN_IDENTITY[sdk=iphoneos*]" = "iPhone Developer";
				COPY_PHASE_STRIP = NO;
				DEBUG_INFORMATION_FORMAT = "dwarf-with-dsym";
				ENABLE_NS_ASSERTIONS = NO;
				ENABLE_STRICT_OBJC_MSGSEND = YES;
				GCC_C_LANGUAGE_STANDARD = gnu99;
				GCC_NO_COMMON_BLOCKS = YES;
				GCC_WARN_64_TO_32_BIT_CONVERSION = YES;
				GCC_WARN_ABOUT_RETURN_TYPE = YES_ERROR;
				GCC_WARN_UNDECLARED_SELECTOR = YES;
				GCC_WARN_UNINITIALIZED_AUTOS = YES_AGGRESSIVE;
				GCC_WARN_UNUSED_FUNCTION = YES;
				GCC_WARN_UNUSED_VARIABLE = YES;
				IPHONEOS_DEPLOYMENT_TARGET = 10.3;
				MTL_ENABLE_DEBUG_INFO = NO;
				SDKROOT = iphoneos;
				SWIFT_OPTIMIZATION_LEVEL = "-Owholemodule";
				TARGETED_DEVICE_FAMILY = "1,2";
				VALIDATE_PRODUCT = YES;
			};
			name = Release;
		};
		404D908E1F5AB03F00514C8E /* Debug */ = {
			isa = XCBuildConfiguration;
			buildSettings = {
				ASSETCATALOG_COMPILER_APPICON_NAME = AppIcon;
				INFOPLIST_FILE = FirstKadaiApp/Info.plist;
				LD_RUNPATH_SEARCH_PATHS = "$(inherited) @executable_path/Frameworks";
				PRODUCT_BUNDLE_IDENTIFIER = jp.techacademy.shouta.ikegami.FirstKadaiApp;
				PRODUCT_NAME = "$(TARGET_NAME)";
				SWIFT_VERSION = 3.0;
			};
			name = Debug;
		};
		404D908F1F5AB03F00514C8E /* Release */ = {
			isa = XCBuildConfiguration;
			buildSettings = {
				ASSETCATALOG_COMPILER_APPICON_NAME = AppIcon;
				INFOPLIST_FILE = FirstKadaiApp/Info.plist;
				LD_RUNPATH_SEARCH_PATHS = "$(inherited) @executable_path/Frameworks";
				PRODUCT_BUNDLE_IDENTIFIER = jp.techacademy.shouta.ikegami.FirstKadaiApp;
				PRODUCT_NAME = "$(TARGET_NAME)";
				SWIFT_VERSION = 3.0;
			};
			name = Release;
		};
		404D90911F5AB03F00514C8E /* Debug */ = {
			isa = XCBuildConfiguration;
			buildSettings = {
				ALWAYS_EMBED_SWIFT_STANDARD_LIBRARIES = YES;
				BUNDLE_LOADER = "$(TEST_HOST)";
				INFOPLIST_FILE = FirstKadaiAppTests/Info.plist;
				LD_RUNPATH_SEARCH_PATHS = "$(inherited) @executable_path/Frameworks @loader_path/Frameworks";
				PRODUCT_BUNDLE_IDENTIFIER = jp.techacademy.shouta.ikegami.FirstKadaiAppTests;
				PRODUCT_NAME = "$(TARGET_NAME)";
				SWIFT_VERSION = 3.0;
				TEST_HOST = "$(BUILT_PRODUCTS_DIR)/FirstKadaiApp.app/FirstKadaiApp";
			};
			name = Debug;
		};
		404D90921F5AB03F00514C8E /* Release */ = {
			isa = XCBuildConfiguration;
			buildSettings = {
				ALWAYS_EMBED_SWIFT_STANDARD_LIBRARIES = YES;
				BUNDLE_LOADER = "$(TEST_HOST)";
				INFOPLIST_FILE = FirstKadaiAppTests/Info.plist;
				LD_RUNPATH_SEARCH_PATHS = "$(inherited) @executable_path/Frameworks @loader_path/Frameworks";
				PRODUCT_BUNDLE_IDENTIFIER = jp.techacademy.shouta.ikegami.FirstKadaiAppTests;
				PRODUCT_NAME = "$(TARGET_NAME)";
				SWIFT_VERSION = 3.0;
				TEST_HOST = "$(BUILT_PRODUCTS_DIR)/FirstKadaiApp.app/FirstKadaiApp";
			};
			name = Release;
		};
		404D90941F5AB03F00514C8E /* Debug */ = {
			isa = XCBuildConfiguration;
			buildSettings = {
				ALWAYS_EMBED_SWIFT_STANDARD_LIBRARIES = YES;
				INFOPLIST_FILE = FirstKadaiAppUITests/Info.plist;
				LD_RUNPATH_SEARCH_PATHS = "$(inherited) @executable_path/Frameworks @loader_path/Frameworks";
				PRODUCT_BUNDLE_IDENTIFIER = jp.techacademy.shouta.ikegami.FirstKadaiAppUITests;
				PRODUCT_NAME = "$(TARGET_NAME)";
				SWIFT_VERSION = 3.0;
				TEST_TARGET_NAME = FirstKadaiApp;
			};
			name = Debug;
		};
		404D90951F5AB03F00514C8E /* Release */ = {
			isa = XCBuildConfiguration;
			buildSettings = {
				ALWAYS_EMBED_SWIFT_STANDARD_LIBRARIES = YES;
				INFOPLIST_FILE = FirstKadaiAppUITests/Info.plist;
				LD_RUNPATH_SEARCH_PATHS = "$(inherited) @executable_path/Frameworks @loader_path/Frameworks";
				PRODUCT_BUNDLE_IDENTIFIER = jp.techacademy.shouta.ikegami.FirstKadaiAppUITests;
				PRODUCT_NAME = "$(TARGET_NAME)";
				SWIFT_VERSION = 3.0;
				TEST_TARGET_NAME = FirstKadaiApp;
			};
			name = Release;
		};
/* End XCBuildConfiguration section */

/* Begin XCConfigurationList section */
		404D90601F5AB03E00514C8E /* Build configuration list for PBXProject "FirstKadaiApp" */ = {
			isa = XCConfigurationList;
			buildConfigurations = (
				404D908B1F5AB03F00514C8E /* Debug */,
				404D908C1F5AB03F00514C8E /* Release */,
			);
			defaultConfigurationIsVisible = 0;
			defaultConfigurationName = Release;
		};
		404D908D1F5AB03F00514C8E /* Build configuration list for PBXNativeTarget "FirstKadaiApp" */ = {
			isa = XCConfigurationList;
			buildConfigurations = (
				404D908E1F5AB03F00514C8E /* Debug */,
				404D908F1F5AB03F00514C8E /* Release */,
			);
			defaultConfigurationIsVisible = 0;
		};
		404D90901F5AB03F00514C8E /* Build configuration list for PBXNativeTarget "FirstKadaiAppTests" */ = {
			isa = XCConfigurationList;
			buildConfigurations = (
				404D90911F5AB03F00514C8E /* Debug */,
				404D90921F5AB03F00514C8E /* Release */,
			);
			defaultConfigurationIsVisible = 0;
		};
		404D90931F5AB03F00514C8E /* Build configuration list for PBXNativeTarget "FirstKadaiAppUITests" */ = {
			isa = XCConfigurationList;
			buildConfigurations = (
				404D90941F5AB03F00514C8E /* Debug */,
				404D90951F5AB03F00514C8E /* Release */,
			);
			defaultConfigurationIsVisible = 0;
		};
/* End XCConfigurationList section */
	};
	rootObject = 404D905D1F5AB03E00514C8E /* Project object */;
}
